
Microsoft Visual Studio Solution File, Format Version 12.00
# Visual Studio Version 16
VisualStudioVersion = 16.0.30804.86
MinimumVisualStudioVersion = 10.0.40219.1
Project("{FAE04EC0-301F-11D3-BF4B-00C04F79EFBC}") = "Ex01_01", "Ex01_01\Ex01_01.csproj", "{F567D727-863A-429C-9FB0-E136AAA4592D}"
EndProject
Project("{FAE04EC0-301F-11D3-BF4B-00C04F79EFBC}") = "Ex01_02", "Ex01_02\Ex01_02.csproj", "{5F9DCCE9-D81A-467F-9CD6-1714AE7237BD}"
EndProject
Project("{FAE04EC0-301F-11D3-BF4B-00C04F79EFBC}") = "Ex01_03", "Ex01_03\Ex01_03.csproj", "{906A7DC9-9C80-4399-A204-31C810EEE574}"
EndProject
Project("{FAE04EC0-301F-11D3-BF4B-00C04F79EFBC}") = "Ex01_05", "Ex01_05\Ex01_05.csproj", "{965F35D6-B2FE-43D4-A343-0F7324781831}"
EndProject
Project("{FAE04EC0-301F-11D3-BF4B-00C04F79EFBC}") = "Ex01_04", "Ex01_04\Ex01_04.csproj", "{3BF0A2A6-6AE7-4B64-8741-F11315B97C59}"
EndProject
Global
	GlobalSection(SolutionConfigurationPlatforms) = preSolution
		Debug|Any CPU = Debug|Any CPU
		Release|Any CPU = Release|Any CPU
	EndGlobalSection
	GlobalSection(ProjectConfigurationPlatforms) = postSolution
		{F567D727-863A-429C-9FB0-E136AAA4592D}.Debug|Any CPU.ActiveCfg = Debug|Any CPU
		{F567D727-863A-429C-9FB0-E136AAA4592D}.Debug|Any CPU.Build.0 = Debug|Any CPU
		{F567D727-863A-429C-9FB0-E136AAA4592D}.Release|Any CPU.ActiveCfg = Release|Any CPU
		{F567D727-863A-429C-9FB0-E136AAA4592D}.Release|Any CPU.Build.0 = Release|Any CPU
		{5F9DCCE9-D81A-467F-9CD6-1714AE7237BD}.Debug|Any CPU.ActiveCfg = Debug|Any CPU
		{5F9DCCE9-D81A-467F-9CD6-1714AE7237BD}.Debug|Any CPU.Build.0 = Debug|Any CPU
		{5F9DCCE9-D81A-467F-9CD6-1714AE7237BD}.Release|Any CPU.ActiveCfg = Release|Any CPU
		{5F9DCCE9-D81A-467F-9CD6-1714AE7237BD}.Release|Any CPU.Build.0 = Release|Any CPU
		{906A7DC9-9C80-4399-A204-31C810EEE574}.Debug|Any CPU.ActiveCfg = Debug|Any CPU
		{906A7DC9-9C80-4399-A204-31C810EEE574}.Debug|Any CPU.Build.0 = Debug|Any CPU
		{906A7DC9-9C80-4399-A204-31C810EEE574}.Release|Any CPU.ActiveCfg = Release|Any CPU
		{906A7DC9-9C80-4399-A204-31C810EEE574}.Release|Any CPU.Build.0 = Release|Any CPU
		{965F35D6-B2FE-43D4-A343-0F7324781831}.Debug|Any CPU.ActiveCfg = Debug|Any CPU
		{965F35D6-B2FE-43D4-A343-0F7324781831}.Debug|Any CPU.Build.0 = Debug|Any CPU
		{965F35D6-B2FE-43D4-A343-0F7324781831}.Release|Any CPU.ActiveCfg = Release|Any CPU
		{965F35D6-B2FE-43D4-A343-0F7324781831}.Release|Any CPU.Build.0 = Release|Any CPU
		{3BF0A2A6-6AE7-4B64-8741-F11315B97C59}.Debug|Any CPU.ActiveCfg = Debug|Any CPU
		{3BF0A2A6-6AE7-4B64-8741-F11315B97C59}.Debug|Any CPU.Build.0 = Debug|Any CPU
		{3BF0A2A6-6AE7-4B64-8741-F11315B97C59}.Release|Any CPU.ActiveCfg = Release|Any CPU
		{3BF0A2A6-6AE7-4B64-8741-F11315B97C59}.Release|Any CPU.Build.0 = Release|Any CPU
	EndGlobalSection
	GlobalSection(SolutionProperties) = preSolution
		HideSolutionNode = FALSE
	EndGlobalSection
	GlobalSection(ExtensibilityGlobals) = postSolution
		SolutionGuid = {00E4F746-F712-4359-AC40-527BE0FAE481}
	EndGlobalSection
EndGlobal
